
Microsoft Visual Studio Solution File, Format Version 12.00
# Visual Studio Version 16
VisualStudioVersion = 16.0.31105.61
MinimumVisualStudioVersion = 10.0.40219.1
Project("{FAE04EC0-301F-11D3-BF4B-00C04F79EFBC}") = "Views", "Views\Views.csproj", "{52E5DD83-89DE-490D-B048-E31BFA058D8F}"
EndProject
Project("{FAE04EC0-301F-11D3-BF4B-00C04F79EFBC}") = "Controllers", "Controllers\Controllers.csproj", "{424F1C8C-B832-4F66-8AA6-D27C5A33F720}"
EndProject
Project("{FAE04EC0-301F-11D3-BF4B-00C04F79EFBC}") = "Models", "Models\Models.csproj", "{6A368B63-8889-4503-9AC0-4078F96EC2CD}"
EndProject
Global
	GlobalSection(SolutionConfigurationPlatforms) = preSolution
		Debug|Any CPU = Debug|Any CPU
		Release|Any CPU = Release|Any CPU
	EndGlobalSection
	GlobalSection(ProjectConfigurationPlatforms) = postSolution
		{52E5DD83-89DE-490D-B048-E31BFA058D8F}.Debug|Any CPU.ActiveCfg = Debug|Any CPU
		{52E5DD83-89DE-490D-B048-E31BFA058D8F}.Debug|Any CPU.Build.0 = Debug|Any CPU
		{52E5DD83-89DE-490D-B048-E31BFA058D8F}.Release|Any CPU.ActiveCfg = Release|Any CPU
		{52E5DD83-89DE-490D-B048-E31BFA058D8F}.Release|Any CPU.Build.0 = Release|Any CPU
		{424F1C8C-B832-4F66-8AA6-D27C5A33F720}.Debug|Any CPU.ActiveCfg = Debug|Any CPU
		{424F1C8C-B832-4F66-8AA6-D27C5A33F720}.Debug|Any CPU.Build.0 = Debug|Any CPU
		{424F1C8C-B832-4F66-8AA6-D27C5A33F720}.Release|Any CPU.ActiveCfg = Release|Any CPU
		{424F1C8C-B832-4F66-8AA6-D27C5A33F720}.Release|Any CPU.Build.0 = Release|Any CPU
		{6A368B63-8889-4503-9AC0-4078F96EC2CD}.Debug|Any CPU.ActiveCfg = Debug|Any CPU
		{6A368B63-8889-4503-9AC0-4078F96EC2CD}.Debug|Any CPU.Build.0 = Debug|Any CPU
		{6A368B63-8889-4503-9AC0-4078F96EC2CD}.Release|Any CPU.ActiveCfg = Release|Any CPU
		{6A368B63-8889-4503-9AC0-4078F96EC2CD}.Release|Any CPU.Build.0 = Release|Any CPU
	EndGlobalSection
	GlobalSection(SolutionProperties) = preSolution
		HideSolutionNode = FALSE
	EndGlobalSection
	GlobalSection(ExtensibilityGlobals) = postSolution
		SolutionGuid = {296D6BFD-DAD8-4B9E-8387-8062CC341100}
	EndGlobalSection
EndGlobal
